lockfileVersion: "6.0"

settings:
  autoInstallPeers: true
  excludeLinksFromLockfile: false

devDependencies:
  "@types/node":
    specifier: ^20.4.2
    version: 20.4.2
  html-lexer:
    specifier: ^0.5.0
    version: 0.5.0
  prettier:
    specifier: ^3.0.0
    version: 3.0.0
  typescript:
    specifier: ^5.1.6
    version: 5.1.6

packages:
  /@types/node@20.4.2:
    resolution:
      {
        integrity: sha512-Dd0BYtWgnWJKwO1jkmTrzofjK2QXXcai0dmtzvIBhcA+RsG5h8R3xlyta0kGOZRNfL9GuRtb1knmPEhQrePCEw==,
      }
    dev: true

  /html-lexer@0.5.0:
    resolution:
      {
        integrity: sha512-ZD0S9K68Vz/vRgKZQIIZCb+YL3Se/QkzInng+CNMkKLX1kXV8DZ2F2cU6GtIR9Q2j+1K7j3XEFY2RafGaTG9aw==,
      }
    dev: true

  /prettier@3.0.0:
    resolution:
      {
        integrity: sha512-zBf5eHpwHOGPC47h0zrPyNn+eAEIdEzfywMoYn2XPi0P44Zp0tSq64rq0xAREh4auw2cJZHo9QUob+NqCQky4g==,
      }
    engines: { node: ">=14" }
    hasBin: true
    dev: true

  /typescript@5.1.6:
    resolution:
      {
        integrity: sha512-zaWCozRZ6DLEWAWFrVDz1H6FVXzUSfTy5FUMWsQlU8Ym5JP9eO4xkTIROFCQvhQf61z6O/G6ugw3SgAnvvm+HA==,
      }
    engines: { node: ">=14.17" }
    hasBin: true
    dev: true
